
Microsoft Visual Studio Solution File, Format Version 12.00
# Visual Studio Version 17
VisualStudioVersion = 17.11.35327.3
MinimumVisualStudioVersion = 10.0.40219.1
Project("{FAE04EC0-301F-11D3-BF4B-00C04F79EFBC}") = "ExpenseManagerAPI", "ExpenseManagerAPI\ExpenseManagerAPI.csproj", "{C231EE59-8064-40E4-A73C-1069ADA48724}"
EndProject
Global
	GlobalSection(SolutionConfigurationPlatforms) = preSolution
		Debug|Any CPU = Debug|Any CPU
		Release|Any CPU = Release|Any CPU
	EndGlobalSection
	GlobalSection(ProjectConfigurationPlatforms) = postSolution
		{C231EE59-8064-40E4-A73C-1069ADA48724}.Debug|Any CPU.ActiveCfg = Debug|Any CPU
		{C231EE59-8064-40E4-A73C-1069ADA48724}.Debug|Any CPU.Build.0 = Debug|Any CPU
		{C231EE59-8064-40E4-A73C-1069ADA48724}.Release|Any CPU.ActiveCfg = Release|Any CPU
		{C231EE59-8064-40E4-A73C-1069ADA48724}.Release|Any CPU.Build.0 = Release|Any CPU
	EndGlobalSection
	GlobalSection(SolutionProperties) = preSolution
		HideSolutionNode = FALSE
	EndGlobalSection
	GlobalSection(ExtensibilityGlobals) = postSolution
		SolutionGuid = {770F03C7-3F65-46F9-ACEE-63561FB03DDF}
	EndGlobalSection
EndGlobal
